
Microsoft Visual Studio Solution File, Format Version 12.00
# Visual Studio 14
VisualStudioVersion = 14.0.25420.1
MinimumVisualStudioVersion = 10.0.40219.1
Project("{FAE04EC0-301F-11D3-BF4B-00C04F79EFBC}") = "ECommerce", "ECommerce\ECommerce.csproj", "{84A3BC9A-AF55-4150-A38D-8CBAE542DF29}"
EndProject
Project("{FAE04EC0-301F-11D3-BF4B-00C04F79EFBC}") = "ECommerce.Tests", "ECommerce.Tests\ECommerce.Tests.csproj", "{C5274C4C-CD2F-4060-94EC-F46745BBEA5D}"
EndProject
Global
	GlobalSection(SolutionConfigurationPlatforms) = preSolution
		Debug|Any CPU = Debug|Any CPU
		Release|Any CPU = Release|Any CPU
	EndGlobalSection
	GlobalSection(ProjectConfigurationPlatforms) = postSolution
		{84A3BC9A-AF55-4150-A38D-8CBAE542DF29}.Debug|Any CPU.ActiveCfg = Debug|Any CPU
		{84A3BC9A-AF55-4150-A38D-8CBAE542DF29}.Debug|Any CPU.Build.0 = Debug|Any CPU
		{84A3BC9A-AF55-4150-A38D-8CBAE542DF29}.Release|Any CPU.ActiveCfg = Release|Any CPU
		{84A3BC9A-AF55-4150-A38D-8CBAE542DF29}.Release|Any CPU.Build.0 = Release|Any CPU
		{C5274C4C-CD2F-4060-94EC-F46745BBEA5D}.Debug|Any CPU.ActiveCfg = Debug|Any CPU
		{C5274C4C-CD2F-4060-94EC-F46745BBEA5D}.Debug|Any CPU.Build.0 = Debug|Any CPU
		{C5274C4C-CD2F-4060-94EC-F46745BBEA5D}.Release|Any CPU.ActiveCfg = Release|Any CPU
		{C5274C4C-CD2F-4060-94EC-F46745BBEA5D}.Release|Any CPU.Build.0 = Release|Any CPU
	EndGlobalSection
	GlobalSection(SolutionProperties) = preSolution
		HideSolutionNode = FALSE
	EndGlobalSection
EndGlobal
